
Microsoft Visual Studio Solution File, Format Version 12.00
# Visual Studio Version 17
VisualStudioVersion = 17.0.31919.166
MinimumVisualStudioVersion = 10.0.40219.1
Project("{9A19103F-16F7-4668-BE54-9A1E7A4F7556}") = "Bot", "Bot\Bot.csproj", "{913C1413-7B69-431A-9B3C-7148F757C954}"
EndProject
Project("{9A19103F-16F7-4668-BE54-9A1E7A4F7556}") = "CacheContext", "CacheService\CacheContext.csproj", "{0D33A59A-7BC4-4E16-93AD-C17900587803}"
EndProject
Project("{9A19103F-16F7-4668-BE54-9A1E7A4F7556}") = "UnitTests", "UnitTests\UnitTests.csproj", "{F019191A-7657-4162-A02D-BE8F61CFD150}"
EndProject
Project("{9A19103F-16F7-4668-BE54-9A1E7A4F7556}") = "API", "API\API.csproj", "{8B6D8643-2814-408B-A6A2-94B8B7653A80}"
EndProject
Global
	GlobalSection(SolutionConfigurationPlatforms) = preSolution
		Debug|Any CPU = Debug|Any CPU
		Release|Any CPU = Release|Any CPU
	EndGlobalSection
	GlobalSection(ProjectConfigurationPlatforms) = postSolution
		{913C1413-7B69-431A-9B3C-7148F757C954}.Debug|Any CPU.ActiveCfg = Debug|Any CPU
		{913C1413-7B69-431A-9B3C-7148F757C954}.Debug|Any CPU.Build.0 = Debug|Any CPU
		{913C1413-7B69-431A-9B3C-7148F757C954}.Release|Any CPU.ActiveCfg = Release|Any CPU
		{913C1413-7B69-431A-9B3C-7148F757C954}.Release|Any CPU.Build.0 = Release|Any CPU
		{0D33A59A-7BC4-4E16-93AD-C17900587803}.Debug|Any CPU.ActiveCfg = Debug|Any CPU
		{0D33A59A-7BC4-4E16-93AD-C17900587803}.Debug|Any CPU.Build.0 = Debug|Any CPU
		{0D33A59A-7BC4-4E16-93AD-C17900587803}.Release|Any CPU.ActiveCfg = Release|Any CPU
		{0D33A59A-7BC4-4E16-93AD-C17900587803}.Release|Any CPU.Build.0 = Release|Any CPU
		{F019191A-7657-4162-A02D-BE8F61CFD150}.Debug|Any CPU.ActiveCfg = Debug|Any CPU
		{F019191A-7657-4162-A02D-BE8F61CFD150}.Debug|Any CPU.Build.0 = Debug|Any CPU
		{F019191A-7657-4162-A02D-BE8F61CFD150}.Release|Any CPU.ActiveCfg = Release|Any CPU
		{F019191A-7657-4162-A02D-BE8F61CFD150}.Release|Any CPU.Build.0 = Release|Any CPU
		{8B6D8643-2814-408B-A6A2-94B8B7653A80}.Debug|Any CPU.ActiveCfg = Debug|Any CPU
		{8B6D8643-2814-408B-A6A2-94B8B7653A80}.Debug|Any CPU.Build.0 = Debug|Any CPU
		{8B6D8643-2814-408B-A6A2-94B8B7653A80}.Release|Any CPU.ActiveCfg = Release|Any CPU
		{8B6D8643-2814-408B-A6A2-94B8B7653A80}.Release|Any CPU.Build.0 = Release|Any CPU
	EndGlobalSection
	GlobalSection(SolutionProperties) = preSolution
		HideSolutionNode = FALSE
	EndGlobalSection
	GlobalSection(ExtensibilityGlobals) = postSolution
		SolutionGuid = {DD619647-EC9C-491B-96C6-ECD4DBDF5CC1}
	EndGlobalSection
EndGlobal
